
Microsoft Visual Studio Solution File, Format Version 12.00
# Visual Studio Version 17
VisualStudioVersion = 17.14.36414.22 d17.14
MinimumVisualStudioVersion = 10.0.40219.1
Project("{888888A0-9F3D-457C-B088-3A5042F75D52}") = "Assignment#02_AI", "Assignment#02_AI.pyproj", "{F87B9D42-13A6-44B6-8911-F4336175B24F}"
EndProject
Global
	GlobalSection(SolutionConfigurationPlatforms) = preSolution
		Debug|Any CPU = Debug|Any CPU
		Release|Any CPU = Release|Any CPU
	EndGlobalSection
	GlobalSection(ProjectConfigurationPlatforms) = postSolution
		{F87B9D42-13A6-44B6-8911-F4336175B24F}.Debug|Any CPU.ActiveCfg = Debug|Any CPU
		{F87B9D42-13A6-44B6-8911-F4336175B24F}.Release|Any CPU.ActiveCfg = Release|Any CPU
	EndGlobalSection
	GlobalSection(SolutionProperties) = preSolution
		HideSolutionNode = FALSE
	EndGlobalSection
	GlobalSection(ExtensibilityGlobals) = postSolution
		SolutionGuid = {85E85F46-FFEE-4CC1-919C-5F16F9965634}
	EndGlobalSection
EndGlobal
